// !$*UTF8*$!
{
	archiveVersion = 1;
	classes = {
	};
	objectVersion = 56;
	objects = {

/* Begin PBXBuildFile section */
		65140C8F2B7F5F6300ADA1FA /* NotePad_iOS_SwiftData_JHApp.swift in Sources */ = {isa = PBXBuildFile; fileRef = 65140C8E2B7F5F6300ADA1FA /* NotePad_iOS_SwiftData_JHApp.swift */; };
		65140C912B7F5F6300ADA1FA /* NewNoteView.swift in Sources */ = {isa = PBXBuildFile; fileRef = 65140C902B7F5F6300ADA1FA /* NewNoteView.swift */; };
		65140C952B7F5F6400ADA1FA /* Assets.xcassets in Resources */ = {isa = PBXBuildFile; fileRef = 65140C942B7F5F6400ADA1FA /* Assets.xcassets */; };
		65140C982B7F5F6400ADA1FA /* Preview Assets.xcassets in Resources */ = {isa = PBXBuildFile; fileRef = 65140C972B7F5F6400ADA1FA /* Preview Assets.xcassets */; };
		65140C9F2B7F603B00ADA1FA /* Note.swift in Sources */ = {isa = PBXBuildFile; fileRef = 65140C9E2B7F603B00ADA1FA /* Note.swift */; };
		65140CA12B7F620400ADA1FA /* NoteViewModel.swift in Sources */ = {isa = PBXBuildFile; fileRef = 65140CA02B7F620400ADA1FA /* NoteViewModel.swift */; };
		65140CA32B7FA78F00ADA1FA /* NoteSheetView.swift in Sources */ = {isa = PBXBuildFile; fileRef = 65140CA22B7FA78F00ADA1FA /* NoteSheetView.swift */; };
		65771A042B7FF2E9007448C9 /* MessageView.swift in Sources */ = {isa = PBXBuildFile; fileRef = 65771A032B7FF2E9007448C9 /* MessageView.swift */; };
		65D681192B83A770004AB6EB /* EditView.swift in Sources */ = {isa = PBXBuildFile; fileRef = 65D681182B83A770004AB6EB /* EditView.swift */; };
/* End PBXBuildFile section */

/* Begin PBXFileReference section */
		65140C8B2B7F5F6300ADA1FA /* NotePad_iOS_SwiftData_JH.app */ = {isa = PBXFileReference; explicitFileType = wrapper.application; includeInIndex = 0; path = NotePad_iOS_SwiftData_JH.app; sourceTree = BUILT_PRODUCTS_DIR; };
		65140C8E2B7F5F6300ADA1FA /* NotePad_iOS_SwiftData_JHApp.swift */ = {isa = PBXFileReference; lastKnownFileType = sourcecode.swift; path = NotePad_iOS_SwiftData_JHApp.swift; sourceTree = "<group>"; };
		65140C902B7F5F6300ADA1FA /* NewNoteView.swift */ = {isa = PBXFileReference; lastKnownFileType = sourcecode.swift; path = NewNoteView.swift; sourceTree = "<group>"; };
		65140C942B7F5F6400ADA1FA /* Assets.xcassets */ = {isa = PBXFileReference; lastKnownFileType = folder.assetcatalog; path = Assets.xcassets; sourceTree = "<group>"; };
		65140C972B7F5F6400ADA1FA /* Preview Assets.xcassets */ = {isa = PBXFileReference; lastKnownFileType = folder.assetcatalog; path = "Preview Assets.xcassets"; sourceTree = "<group>"; };
		65140C9E2B7F603B00ADA1FA /* Note.swift */ = {isa = PBXFileReference; lastKnownFileType = sourcecode.swift; path = Note.swift; sourceTree = "<group>"; };
		65140CA02B7F620400ADA1FA /* NoteViewModel.swift */ = {isa = PBXFileReference; lastKnownFileType = sourcecode.swift; path = NoteViewModel.swift; sourceTree = "<group>"; };
		65140CA22B7FA78F00ADA1FA /* NoteSheetView.swift */ = {isa = PBXFileReference; lastKnownFileType = sourcecode.swift; path = NoteSheetView.swift; sourceTree = "<group>"; };
		65771A032B7FF2E9007448C9 /* MessageView.swift */ = {isa = PBXFileReference; lastKnownFileType = sourcecode.swift; path = MessageView.swift; sourceTree = "<group>"; };
		65D681182B83A770004AB6EB /* EditView.swift */ = {isa = PBXFileReference; lastKnownFileType = sourcecode.swift; path = EditView.swift; sourceTree = "<group>"; };
/* End PBXFileReference section */

/* Begin PBXFrameworksBuildPhase section */
		65140C882B7F5F6300ADA1FA /* Frameworks */ = {
			isa = PBXFrameworksBuildPhase;
			buildActionMask = 2147483647;
			files = (
			);
			runOnlyForDeploymentPostprocessing = 0;
		};
/* End PBXFrameworksBuildPhase section */

/* Begin PBXGroup section */
		65140C822B7F5F6300ADA1FA = {
			isa = PBXGroup;
			children = (
				65140C8D2B7F5F6300ADA1FA /* NotePad_iOS_SwiftData_JH */,
				65140C8C2B7F5F6300ADA1FA /* Products */,
			);
			sourceTree = "<group>";
		};
		65140C8C2B7F5F6300ADA1FA /* Products */ = {
			isa = PBXGroup;
			children = (
				65140C8B2B7F5F6300ADA1FA /* NotePad_iOS_SwiftData_JH.app */,
			);
			name = Products;
			sourceTree = "<group>";
		};
		65140C8D2B7F5F6300ADA1FA /* NotePad_iOS_SwiftData_JH */ = {
			isa = PBXGroup;
			children = (
				65140C8E2B7F5F6300ADA1FA /* NotePad_iOS_SwiftData_JHApp.swift */,
				65140C902B7F5F6300ADA1FA /* NewNoteView.swift */,
				65140CA22B7FA78F00ADA1FA /* NoteSheetView.swift */,
				65771A032B7FF2E9007448C9 /* MessageView.swift */,
				65D681182B83A770004AB6EB /* EditView.swift */,
				65140C9E2B7F603B00ADA1FA /* Note.swift */,
				65140CA02B7F620400ADA1FA /* NoteViewModel.swift */,
				65140C942B7F5F6400ADA1FA /* Assets.xcassets */,
				65140C962B7F5F6400ADA1FA /* Preview Content */,
			);
			path = NotePad_iOS_SwiftData_JH;
			sourceTree = "<group>";
		};
		65140C962B7F5F6400ADA1FA /* Preview Content */ = {
			isa = PBXGroup;
			children = (
				65140C972B7F5F6400ADA1FA /* Preview Assets.xcassets */,
			);
			path = "Preview Content";
			sourceTree = "<group>";
		};
/* End PBXGroup section */

/* Begin PBXNativeTarget section */
		65140C8A2B7F5F6300ADA1FA /* NotePad_iOS_SwiftData_JH */ = {
			isa = PBXNativeTarget;
			buildConfigurationList = 65140C9B2B7F5F6500ADA1FA /* Build configuration list for PBXNativeTarget "NotePad_iOS_SwiftData_JH" */;
			buildPhases = (
				65140C872B7F5F6300ADA1FA /* Sources */,
				65140C882B7F5F6300ADA1FA /* Frameworks */,
				65140C892B7F5F6300ADA1FA /* Resources */,
			);
			buildRules = (
			);
			dependencies = (
			);
			name = NotePad_iOS_SwiftData_JH;
			productName = NotePad_iOS_SwiftData_JH;
			productReference = 65140C8B2B7F5F6300ADA1FA /* NotePad_iOS_SwiftData_JH.app */;
			productType = "com.apple.product-type.application";
		};
/* End PBXNativeTarget section */

/* Begin PBXProject section */
		65140C832B7F5F6300ADA1FA /* Project object */ = {
			isa = PBXProject;
			attributes = {
				BuildIndependentTargetsInParallel = 1;
				LastSwiftUpdateCheck = 1520;
				LastUpgradeCheck = 1520;
				TargetAttributes = {
					65140C8A2B7F5F6300ADA1FA = {
						CreatedOnToolsVersion = 15.2;
					};
				};
			};
			buildConfigurationList = 65140C862B7F5F6300ADA1FA /* Build configuration list for PBXProject "NotePad_iOS_SwiftData_JH" */;
			compatibilityVersion = "Xcode 14.0";
			developmentRegion = en;
			hasScannedForEncodings = 0;
			knownRegions = (
				en,
				Base,
			);
			mainGroup = 65140C822B7F5F6300ADA1FA;
			productRefGroup = 65140C8C2B7F5F6300ADA1FA /* Products */;
			projectDirPath = "";
			projectRoot = "";
			targets = (
				65140C8A2B7F5F6300ADA1FA /* NotePad_iOS_SwiftData_JH */,
			);
		};
/* End PBXProject section */

/* Begin PBXResourcesBuildPhase section */
		65140C892B7F5F6300ADA1FA /* Resources */ = {
			isa = PBXResourcesBuildPhase;
			buildActionMask = 2147483647;
			files = (
				65140C982B7F5F6400ADA1FA /* Preview Assets.xcassets in Resources */,
				65140C952B7F5F6400ADA1FA /* Assets.xcassets in Resources */,
			);
			runOnlyForDeploymentPostprocessing = 0;
		};
/* End PBXResourcesBuildPhase section */

/* Begin PBXSourcesBuildPhase section */
		65140C872B7F5F6300ADA1FA /* Sources */ = {
			isa = PBXSourcesBuildPhase;
			buildActionMask = 2147483647;
			files = (
				65D681192B83A770004AB6EB /* EditView.swift in Sources */,
				65771A042B7FF2E9007448C9 /* MessageView.swift in Sources */,
				65140CA12B7F620400ADA1FA /* NoteViewModel.swift in Sources */,
				65140CA32B7FA78F00ADA1FA /* NoteSheetView.swift in Sources */,
				65140C912B7F5F6300ADA1FA /* NewNoteView.swift in Sources */,
				65140C8F2B7F5F6300ADA1FA /* NotePad_iOS_SwiftData_JHApp.swift in Sources */,
				65140C9F2B7F603B00ADA1FA /* Note.swift in Sources */,
			);
			runOnlyForDeploymentPostprocessing = 0;
		};
/* End PBXSourcesBuildPhase section */

/* Begin XCBuildConfiguration section */
		65140C992B7F5F6400ADA1FA /* Debug */ = {
			isa = XCBuildConfiguration;
			buildSettings = {
				ALWAYS_SEARCH_USER_PATHS = NO;
				ASSETCATALOG_COMPILER_GENERATE_SWIFT_ASSET_SYMBOL_EXTENSIONS = YES;
				CLANG_ANALYZER_NONNULL = YES;
				CLANG_ANALYZER_NUMBER_OBJECT_CONVERSION = YES_AGGRESSIVE;
				CLANG_CXX_LANGUAGE_STANDARD = "gnu++20";
				CLANG_ENABLE_MODULES = YES;
				CLANG_ENABLE_OBJC_ARC = YES;
				CLANG_ENABLE_OBJC_WEAK = YES;
				CLANG_WARN_BLOCK_CAPTURE_AUTORELEASING = YES;
				CLANG_WARN_BOOL_CONVERSION = YES;
				CLANG_WARN_COMMA = YES;
				CLANG_WARN_CONSTANT_CONVERSION = YES;
				CLANG_WARN_DEPRECATED_OBJC_IMPLEMENTATIONS = YES;
				CLANG_WARN_DIRECT_OBJC_ISA_USAGE = YES_ERROR;
				CLANG_WARN_DOCUMENTATION_COMMENTS = YES;
				CLANG_WARN_EMPTY_BODY = YES;
				CLANG_WARN_ENUM_CONVERSION = YES;
				CLANG_WARN_INFINITE_RECURSION = YES;
				CLANG_WARN_INT_CONVERSION = YES;
				CLANG_WARN_NON_LITERAL_NULL_CONVERSION = YES;
				CLANG_WARN_OBJC_IMPLICIT_RETAIN_SELF = YES;
				CLANG_WARN_OBJC_LITERAL_CONVERSION = YES;
				CLANG_WARN_OBJC_ROOT_CLASS = YES_ERROR;
				CLANG_WARN_QUOTED_INCLUDE_IN_FRAMEWORK_HEADER = YES;
				CLANG_WARN_RANGE_LOOP_ANALYSIS = YES;
				CLANG_WARN_STRICT_PROTOTYPES = YES;
				CLANG_WARN_SUSPICIOUS_MOVE = YES;
				CLANG_WARN_UNGUARDED_AVAILABILITY = YES_AGGRESSIVE;
				CLANG_WARN_UNREACHABLE_CODE = YES;
				CLANG_WARN__DUPLICATE_METHOD_MATCH = YES;
				COPY_PHASE_STRIP = NO;
				DEBUG_INFORMATION_FORMAT = dwarf;
				ENABLE_STRICT_OBJC_MSGSEND = YES;
				ENABLE_TESTABILITY = YES;
				ENABLE_USER_SCRIPT_SANDBOXING = YES;
				GCC_C_LANGUAGE_STANDARD = gnu17;
				GCC_DYNAMIC_NO_PIC = NO;
				GCC_NO_COMMON_BLOCKS = YES;
				GCC_OPTIMIZATION_LEVEL = 0;
				GCC_PREPROCESSOR_DEFINITIONS = (
					"DEBUG=1",
					"$(inherited)",
				);
				GCC_WARN_64_TO_32_BIT_CONVERSION = YES;
				GCC_WARN_ABOUT_RETURN_TYPE = YES_ERROR;
				GCC_WARN_UNDECLARED_SELECTOR = YES;
				GCC_WARN_UNINITIALIZED_AUTOS = YES_AGGRESSIVE;
				GCC_WARN_UNUSED_FUNCTION = YES;
				GCC_WARN_UNUSED_VARIABLE = YES;
				IPHONEOS_DEPLOYMENT_TARGET = 17.2;
				LOCALIZATION_PREFERS_STRING_CATALOGS = YES;
				MTL_ENABLE_DEBUG_INFO = INCLUDE_SOURCE;
				MTL_FAST_MATH = YES;
				ONLY_ACTIVE_ARCH = YES;
				SDKROOT = iphoneos;
				SWIFT_ACTIVE_COMPILATION_CONDITIONS = "DEBUG $(inherited)";
				SWIFT_OPTIMIZATION_LEVEL = "-Onone";
			};
			name = Debug;
		};
		65140C9A2B7F5F6400ADA1FA /* Release */ = {
			isa = XCBuildConfiguration;
			buildSettings = {
				ALWAYS_SEARCH_USER_PATHS = NO;
				ASSETCATALOG_COMPILER_GENERATE_SWIFT_ASSET_SYMBOL_EXTENSIONS = YES;
				CLANG_ANALYZER_NONNULL = YES;
				CLANG_ANALYZER_NUMBER_OBJECT_CONVERSION = YES_AGGRESSIVE;
				CLANG_CXX_LANGUAGE_STANDARD = "gnu++20";
				CLANG_ENABLE_MODULES = YES;
				CLANG_ENABLE_OBJC_ARC = YES;
				CLANG_ENABLE_OBJC_WEAK = YES;
				CLANG_WARN_BLOCK_CAPTURE_AUTORELEASING = YES;
				CLANG_WARN_BOOL_CONVERSION = YES;
				CLANG_WARN_COMMA = YES;
				CLANG_WARN_CONSTANT_CONVERSION = YES;
				CLANG_WARN_DEPRECATED_OBJC_IMPLEMENTATIONS = YES;
				CLANG_WARN_DIRECT_OBJC_ISA_USAGE = YES_ERROR;
				CLANG_WARN_DOCUMENTATION_COMMENTS = YES;
				CLANG_WARN_EMPTY_BODY = YES;
				CLANG_WARN_ENUM_CONVERSION = YES;
				CLANG_WARN_INFINITE_RECURSION = YES;
				CLANG_WARN_INT_CONVERSION = YES;
				CLANG_WARN_NON_LITERAL_NULL_CONVERSION = YES;
				CLANG_WARN_OBJC_IMPLICIT_RETAIN_SELF = YES;
				CLANG_WARN_OBJC_LITERAL_CONVERSION = YES;
				CLANG_WARN_OBJC_ROOT_CLASS = YES_ERROR;
				CLANG_WARN_QUOTED_INCLUDE_IN_FRAMEWORK_HEADER = YES;
				CLANG_WARN_RANGE_LOOP_ANALYSIS = YES;
				CLANG_WARN_STRICT_PROTOTYPES = YES;
				CLANG_WARN_SUSPICIOUS_MOVE = YES;
				CLANG_WARN_UNGUARDED_AVAILABILITY = YES_AGGRESSIVE;
				CLANG_WARN_UNREACHABLE_CODE = YES;
				CLANG_WARN__DUPLICATE_METHOD_MATCH = YES;
				COPY_PHASE_STRIP = NO;
				DEBUG_INFORMATION_FORMAT = "dwarf-with-dsym";
				ENABLE_NS_ASSERTIONS = NO;
				ENABLE_STRICT_OBJC_MSGSEND = YES;
				ENABLE_USER_SCRIPT_SANDBOXING = YES;
				GCC_C_LANGUAGE_STANDARD = gnu17;
				GCC_NO_COMMON_BLOCKS = YES;
				GCC_WARN_64_TO_32_BIT_CONVERSION = YES;
				GCC_WARN_ABOUT_RETURN_TYPE = YES_ERROR;
				GCC_WARN_UNDECLARED_SELECTOR = YES;
				GCC_WARN_UNINITIALIZED_AUTOS = YES_AGGRESSIVE;
				GCC_WARN_UNUSED_FUNCTION = YES;
				GCC_WARN_UNUSED_VARIABLE = YES;
				IPHONEOS_DEPLOYMENT_TARGET = 17.2;
				LOCALIZATION_PREFERS_STRING_CATALOGS = YES;
				MTL_ENABLE_DEBUG_INFO = NO;
				MTL_FAST_MATH = YES;
				SDKROOT = iphoneos;
				SWIFT_COMPILATION_MODE = wholemodule;
				VALIDATE_PRODUCT = YES;
			};
			name = Release;
		};
		65140C9C2B7F5F6500ADA1FA /* Debug */ = {
			isa = XCBuildConfiguration;
			buildSettings = {
				ASSETCATALOG_COMPILER_APPICON_NAME = AppIcon;
				ASSETCATALOG_COMPILER_GLOBAL_ACCENT_COLOR_NAME = AccentColor;
				CODE_SIGN_STYLE = Automatic;
				CURRENT_PROJECT_VERSION = 1;
				DEVELOPMENT_ASSET_PATHS = "\"NotePad_iOS_SwiftData_JH/Preview Content\"";
				ENABLE_PREVIEWS = YES;
				GENERATE_INFOPLIST_FILE = YES;
				INFOPLIST_KEY_UIApplicationSceneManifest_Generation = YES;
				INFOPLIST_KEY_UIApplicationSupportsIndirectInputEvents = YES;
				INFOPLIST_KEY_UILaunchScreen_Generation = YES;
				INFOPLIST_KEY_UISupportedInterfaceOrientations_iPad = "UIInterfaceOrientationPortrait UIInterfaceOrientationPortraitUpsideDown UIInterfaceOrientationLandscapeLeft UIInterfaceOrientationLandscapeRight";
				INFOPLIST_KEY_UISupportedInterfaceOrientations_iPhone = "UIInterfaceOrientationPortrait UIInterfaceOrientationLandscapeLeft UIInterfaceOrientationLandscapeRight";
				LD_RUNPATH_SEARCH_PATHS = (
					"$(inherited)",
					"@executable_path/Frameworks",
				);
				MARKETING_VERSION = 1.0;
				PRODUCT_BUNDLE_IDENTIFIER = "com.test.NotePad-iOS-SwiftData-JH";
				PRODUCT_NAME = "$(TARGET_NAME)";
				SWIFT_EMIT_LOC_STRINGS = YES;
				SWIFT_VERSION = 5.0;
				TARGETED_DEVICE_FAMILY = "1,2";
			};
			name = Debug;
		};
		65140C9D2B7F5F6500ADA1FA /* Release */ = {
			isa = XCBuildConfiguration;
			buildSettings = {
				ASSETCATALOG_COMPILER_APPICON_NAME = AppIcon;
				ASSETCATALOG_COMPILER_GLOBAL_ACCENT_COLOR_NAME = AccentColor;
				CODE_SIGN_STYLE = Automatic;
				CURRENT_PROJECT_VERSION = 1;
				DEVELOPMENT_ASSET_PATHS = "\"NotePad_iOS_SwiftData_JH/Preview Content\"";
				ENABLE_PREVIEWS = YES;
				GENERATE_INFOPLIST_FILE = YES;
				INFOPLIST_KEY_UIApplicationSceneManifest_Generation = YES;
				INFOPLIST_KEY_UIApplicationSupportsIndirectInputEvents = YES;
				INFOPLIST_KEY_UILaunchScreen_Generation = YES;
				INFOPLIST_KEY_UISupportedInterfaceOrientations_iPad = "UIInterfaceOrientationPortrait UIInterfaceOrientationPortraitUpsideDown UIInterfaceOrientationLandscapeLeft UIInterfaceOrientationLandscapeRight";
				INFOPLIST_KEY_UISupportedInterfaceOrientations_iPhone = "UIInterfaceOrientationPortrait UIInterfaceOrientationLandscapeLeft UIInterfaceOrientationLandscapeRight";
				LD_RUNPATH_SEARCH_PATHS = (
					"$(inherited)",
					"@executable_path/Frameworks",
				);
				MARKETING_VERSION = 1.0;
				PRODUCT_BUNDLE_IDENTIFIER = "com.test.NotePad-iOS-SwiftData-JH";
				PRODUCT_NAME = "$(TARGET_NAME)";
				SWIFT_EMIT_LOC_STRINGS = YES;
				SWIFT_VERSION = 5.0;
				TARGETED_DEVICE_FAMILY = "1,2";
			};
			name = Release;
		};
/* End XCBuildConfiguration section */

/* Begin XCConfigurationList section */
		65140C862B7F5F6300ADA1FA /* Build configuration list for PBXProject "NotePad_iOS_SwiftData_JH" */ = {
			isa = XCConfigurationList;
			buildConfigurations = (
				65140C992B7F5F6400ADA1FA /* Debug */,
				65140C9A2B7F5F6400ADA1FA /* Release */,
			);
			defaultConfigurationIsVisible = 0;
			defaultConfigurationName = Release;
		};
		65140C9B2B7F5F6500ADA1FA /* Build configuration list for PBXNativeTarget "NotePad_iOS_SwiftData_JH" */ = {
			isa = XCConfigurationList;
			buildConfigurations = (
				65140C9C2B7F5F6500ADA1FA /* Debug */,
				65140C9D2B7F5F6500ADA1FA /* Release */,
			);
			defaultConfigurationIsVisible = 0;
			defaultConfigurationName = Release;
		};
/* End XCConfigurationList section */
	};
	rootObject = 65140C832B7F5F6300ADA1FA /* Project object */;
}
